<Solution>
  <Folder Name="/Solution Items/">
    <File Path=".github/workflows/main.yml" />
    <File Path=".github/workflows/publish.yml" />
    <File Path="LICENSE.txt" />
    <File Path="README.md" />
    <File Path="THIRD-PARTY-NOTICES.txt" />
  </Folder>
  <Project Path="Cygnus.BLE.API.Tests/Cygnus.BLE.API.Tests.csproj" Id="fcf116db-1577-44c3-9586-f5fddada2325" />
  <Project Path="Cygnus.BLE.API/Cygnus.BLE.API.csproj" />
  <Project Path="Cygnus.BLE.Interfaces/Cygnus.BLE.Interfaces.csproj" Id="1786689f-bd48-44f1-b4bf-3bacf6c92965" />
  <Project Path="Cygnus.BLE.InTheHand/Cygnus.BLE.InTheHand.csproj" Id="dd5f3784-a3c6-402d-bb78-8126018f823c" />
  <Project Path="Cygnus.BLE.Protobuf.Tests/Cygnus.BLE.Protobuf.Tests.csproj" Id="9003a4f3-9d6a-4531-93de-51e58ef14f44" />
  <Project Path="Cygnus.BLE.Protobuf/Cygnus.BLE.Protobuf.csproj" />
  <Project Path="Cygnus.Interfaces/Cygnus.Interfaces.csproj" Id="3fcfd7f1-cb87-465e-b4f2-622e84899088" />
  <Project Path="Cygnus.Models/Cygnus.Models.csproj" />
  <Project Path="Cygnus.Services.Tests/Cygnus.Services.Tests.csproj" Id="afe35387-a6d4-46c5-b5ee-d87239a92a99" />
  <Project Path="Cygnus.Services/Cygnus.Services.csproj" />
</Solution>
